
Microsoft Visual Studio Solution File, Format Version 12.00
# Visual Studio Version 17
VisualStudioVersion = 17.0.31903.59
MinimumVisualStudioVersion = 10.0.40219.1
Project("{2150E333-8FDC-42A3-9474-1A3956D46DE8}") = "Solution Items", "Solution Items", "{D7083C7E-9C8E-4052-952F-F9403F4C073B}"
	ProjectSection(SolutionItems) = preProject
		.editorconfig = .editorconfig
		.gitignore = .gitignore
		LICENSE.md = LICENSE.md
		README.md = README.md
		CODE_OF_CONDUCT.md = CODE_OF_CONDUCT.md
		MAINTAINERSHIP.md = MAINTAINERSHIP.md
		Directory.Build.props = Directory.Build.props
		CHANGELOG.md = CHANGELOG.md
	EndProjectSection
EndProject
Project("{F2A71F9B-5D33-465A-A702-920D77279786}") = "Generaptor", "Generaptor\Generaptor.fsproj", "{DECF408B-82A4-4EF2-971E-56840AA72F6D}"
EndProject
Project("{2150E333-8FDC-42A3-9474-1A3956D46DE8}") = "Infrastructure", "Infrastructure", "{FC1DB59B-C7D2-4D7B-BBD9-8183E2317EA1}"
EndProject
Project("{F2A71F9B-5D33-465A-A702-920D77279786}") = "GitHubActions", "Infrastructure\GitHubActions\GitHubActions.fsproj", "{B1CF5868-2797-46C1-8ADD-E76D46127842}"
EndProject
Project("{F2A71F9B-5D33-465A-A702-920D77279786}") = "Generaptor.Tests", "Generaptor.Tests\Generaptor.Tests.fsproj", "{56E337A3-37CC-430B-87E2-3CAFE6FFEBAB}"
EndProject
Project("{2150E333-8FDC-42A3-9474-1A3956D46DE8}") = ".github", ".github", "{3AB1C8E3-61F0-437B-9BE5-B7098E7EFF2E}"
EndProject
Project("{2150E333-8FDC-42A3-9474-1A3956D46DE8}") = "workflows", "workflows", "{38B19542-0515-4A04-89E9-27D8375303BD}"
	ProjectSection(SolutionItems) = preProject
		.github\workflows\main.yml = .github\workflows\main.yml
		.github\workflows\release.yml = .github\workflows\release.yml
	EndProjectSection
EndProject
Project("{F2A71F9B-5D33-465A-A702-920D77279786}") = "Generaptor.Library", "Generaptor.Library\Generaptor.Library.fsproj", "{D814D8A7-76C1-43E9-931F-4A9F4CBAAED6}"
EndProject
Project("{2150E333-8FDC-42A3-9474-1A3956D46DE8}") = "Scripts", "Scripts", "{21699C58-41F1-459C-B993-A2F83846F62A}"
	ProjectSection(SolutionItems) = preProject
		Scripts\Get-Version.ps1 = Scripts\Get-Version.ps1
	EndProjectSection
EndProject
Global
	GlobalSection(SolutionConfigurationPlatforms) = preSolution
		Debug|Any CPU = Debug|Any CPU
		Release|Any CPU = Release|Any CPU
	EndGlobalSection
	GlobalSection(SolutionProperties) = preSolution
		HideSolutionNode = FALSE
	EndGlobalSection
	GlobalSection(ProjectConfigurationPlatforms) = postSolution
		{DECF408B-82A4-4EF2-971E-56840AA72F6D}.Debug|Any CPU.ActiveCfg = Debug|Any CPU
		{DECF408B-82A4-4EF2-971E-56840AA72F6D}.Debug|Any CPU.Build.0 = Debug|Any CPU
		{DECF408B-82A4-4EF2-971E-56840AA72F6D}.Release|Any CPU.ActiveCfg = Release|Any CPU
		{DECF408B-82A4-4EF2-971E-56840AA72F6D}.Release|Any CPU.Build.0 = Release|Any CPU
		{B1CF5868-2797-46C1-8ADD-E76D46127842}.Debug|Any CPU.ActiveCfg = Debug|Any CPU
		{B1CF5868-2797-46C1-8ADD-E76D46127842}.Debug|Any CPU.Build.0 = Debug|Any CPU
		{B1CF5868-2797-46C1-8ADD-E76D46127842}.Release|Any CPU.ActiveCfg = Release|Any CPU
		{B1CF5868-2797-46C1-8ADD-E76D46127842}.Release|Any CPU.Build.0 = Release|Any CPU
		{56E337A3-37CC-430B-87E2-3CAFE6FFEBAB}.Debug|Any CPU.ActiveCfg = Debug|Any CPU
		{56E337A3-37CC-430B-87E2-3CAFE6FFEBAB}.Debug|Any CPU.Build.0 = Debug|Any CPU
		{56E337A3-37CC-430B-87E2-3CAFE6FFEBAB}.Release|Any CPU.ActiveCfg = Release|Any CPU
		{56E337A3-37CC-430B-87E2-3CAFE6FFEBAB}.Release|Any CPU.Build.0 = Release|Any CPU
		{D814D8A7-76C1-43E9-931F-4A9F4CBAAED6}.Debug|Any CPU.ActiveCfg = Debug|Any CPU
		{D814D8A7-76C1-43E9-931F-4A9F4CBAAED6}.Debug|Any CPU.Build.0 = Debug|Any CPU
		{D814D8A7-76C1-43E9-931F-4A9F4CBAAED6}.Release|Any CPU.ActiveCfg = Release|Any CPU
		{D814D8A7-76C1-43E9-931F-4A9F4CBAAED6}.Release|Any CPU.Build.0 = Release|Any CPU
	EndGlobalSection
	GlobalSection(NestedProjects) = preSolution
		{B1CF5868-2797-46C1-8ADD-E76D46127842} = {FC1DB59B-C7D2-4D7B-BBD9-8183E2317EA1}
		{38B19542-0515-4A04-89E9-27D8375303BD} = {3AB1C8E3-61F0-437B-9BE5-B7098E7EFF2E}
	EndGlobalSection
EndGlobal
